
Microsoft Visual Studio Solution File, Format Version 12.00
# Visual Studio 14
VisualStudioVersion = 14.0.25123.0
MinimumVisualStudioVersion = 10.0.40219.1
Project("{FAE04EC0-301F-11D3-BF4B-00C04F79EFBC}") = "StoreFront", "StoreFront\StoreFront.csproj", "{222060E1-0464-4232-8960-AD142785B7C2}"
EndProject
Project("{FAE04EC0-301F-11D3-BF4B-00C04F79EFBC}") = "StoreFront.Data", "StoreFront.Data\StoreFront.Data.csproj", "{CEF4C0BF-8DF4-434B-844F-277C0A1DB58B}"
EndProject
Global
	GlobalSection(SolutionConfigurationPlatforms) = preSolution
		Debug|Any CPU = Debug|Any CPU
		Release|Any CPU = Release|Any CPU
	EndGlobalSection
	GlobalSection(ProjectConfigurationPlatforms) = postSolution
		{222060E1-0464-4232-8960-AD142785B7C2}.Debug|Any CPU.ActiveCfg = Debug|Any CPU
		{222060E1-0464-4232-8960-AD142785B7C2}.Debug|Any CPU.Build.0 = Debug|Any CPU
		{222060E1-0464-4232-8960-AD142785B7C2}.Release|Any CPU.ActiveCfg = Release|Any CPU
		{222060E1-0464-4232-8960-AD142785B7C2}.Release|Any CPU.Build.0 = Release|Any CPU
		{CEF4C0BF-8DF4-434B-844F-277C0A1DB58B}.Debug|Any CPU.ActiveCfg = Debug|Any CPU
		{CEF4C0BF-8DF4-434B-844F-277C0A1DB58B}.Debug|Any CPU.Build.0 = Debug|Any CPU
		{CEF4C0BF-8DF4-434B-844F-277C0A1DB58B}.Release|Any CPU.ActiveCfg = Release|Any CPU
		{CEF4C0BF-8DF4-434B-844F-277C0A1DB58B}.Release|Any CPU.Build.0 = Release|Any CPU
	EndGlobalSection
	GlobalSection(SolutionProperties) = preSolution
		HideSolutionNode = FALSE
	EndGlobalSection
EndGlobal
